// !$*UTF8*$!
{
	archiveVersion = 1;
	classes = {
	};
	objectVersion = 44;
	objects = {

/* Begin PBXFileReference section */
		1F2654801441E51A00683357 /* class_periodes.php */ = {isa = PBXFileReference; lastKnownFileType = text.script.php; path = class_periodes.php; sourceTree = "<group>"; };
		1F2654811441E6F100683357 /* class_cotisationsPeriode.php */ = {isa = PBXFileReference; lastKnownFileType = text.script.php; path = class_cotisationsPeriode.php; sourceTree = "<group>"; };
		1F34A75812DBCF7E00201A1F /* ToDo */ = {isa = PBXFileReference; fileEncoding = 4; lastKnownFileType = text; path = ToDo; sourceTree = "<group>"; };
		1F3B8A7D12DCED98004E650E /* presences.php */ = {isa = PBXFileReference; fileEncoding = 4; lastKnownFileType = text.script.php; path = presences.php; sourceTree = "<group>"; };
		1F3B8A7E12DCF12A004E650E /* getPratiquantsNom.php */ = {isa = PBXFileReference; fileEncoding = 4; lastKnownFileType = text.script.php; name = getPratiquantsNom.php; path = services/getPratiquantsNom.php; sourceTree = "<group>"; };
		1F3B8B1912DD02F7004E650E /* AddPresence.php */ = {isa = PBXFileReference; fileEncoding = 4; lastKnownFileType = text.script.php; name = AddPresence.php; path = services/AddPresence.php; sourceTree = "<group>"; };
		1F3B8B1A12DD0541004E650E /* class_presences.php */ = {isa = PBXFileReference; fileEncoding = 4; lastKnownFileType = text.script.php; path = class_presences.php; sourceTree = "<group>"; };
		1F4ABAFF1611A3D100484F73 /* calPDF.php */ = {isa = PBXFileReference; lastKnownFileType = text.script.php; path = calPDF.php; sourceTree = "<group>"; };
		1F4ABB021611A3D100484F73 /* ChangeLog */ = {isa = PBXFileReference; lastKnownFileType = text; path = ChangeLog; sourceTree = "<group>"; };
		1F4ABB031611A3D100484F73 /* dompdf.php */ = {isa = PBXFileReference; lastKnownFileType = text.script.php; path = dompdf.php; sourceTree = "<group>"; };
		1F4ABB041611A3D100484F73 /* dompdf_config.inc.php */ = {isa = PBXFileReference; lastKnownFileType = text.script.php; path = dompdf_config.inc.php; sourceTree = "<group>"; };
		1F4ABB051611A3D100484F73 /* HACKING */ = {isa = PBXFileReference; lastKnownFileType = text; path = HACKING; sourceTree = "<group>"; };
		1F4ABB071611A3D100484F73 /* abstract_renderer.cls.php */ = {isa = PBXFileReference; lastKnownFileType = text.script.php; path = abstract_renderer.cls.php; sourceTree = "<group>"; };
		1F4ABB081611A3D100484F73 /* attribute_translator.cls.php */ = {isa = PBXFileReference; lastKnownFileType = text.script.php; path = attribute_translator.cls.php; sourceTree = "<group>"; };
		1F4ABB091611A3D100484F73 /* block_frame_decorator.cls.php */ = {isa = PBXFileReference; lastKnownFileType = text.script.php; path = block_frame_decorator.cls.php; sourceTree = "<group>"; };
		1F4ABB0A1611A3D100484F73 /* block_frame_reflower.cls.php */ = {isa = PBXFileReference; lastKnownFileType = text.script.php; path = block_frame_reflower.cls.php; sourceTree = "<group>"; };
		1F4ABB0B1611A3D100484F73 /* block_positioner.cls.php */ = {isa = PBXFileReference; lastKnownFileType = text.script.php; path = block_positioner.cls.php; sourceTree = "<group>"; };
		1F4ABB0C1611A3D100484F73 /* block_renderer.cls.php */ = {isa = PBXFileReference; lastKnownFileType = text.script.php; path = block_renderer.cls.php; sourceTree = "<group>"; };
		1F4ABB0D1611A3D100484F73 /* cached_pdf_decorator.cls.php */ = {isa = PBXFileReference; lastKnownFileType = text.script.php; path = cached_pdf_decorator.cls.php; sourceTree = "<group>"; };
		1F4ABB0E1611A3D100484F73 /* canvas.cls.php */ = {isa = PBXFileReference; lastKnownFileType = text.script.php; path = canvas.cls.php; sourceTree = "<group>"; };
		1F4ABB0F1611A3D100484F73 /* canvas_factory.cls.php */ = {isa = PBXFileReference; lastKnownFileType = text.script.php; path = canvas_factory.cls.php; sourceTree = "<group>"; };
		1F4ABB101611A3D100484F73 /* cellmap.cls.php */ = {isa = PBXFileReference; lastKnownFileType = text.script.php; path = cellmap.cls.php; sourceTree = "<group>"; };
		1F4ABB111611A3D100484F73 /* cpdf_adapter.cls.php */ = {isa = PBXFileReference; lastKnownFileType = text.script.php; path = cpdf_adapter.cls.php; sourceTree = "<group>"; };
		1F4ABB121611A3D100484F73 /* dompdf.cls.php */ = {isa = PBXFileReference; lastKnownFileType = text.script.php; path = dompdf.cls.php; sourceTree = "<group>"; };
		1F4ABB131611A3D100484F73 /* dompdf_exception.cls.php */ = {isa = PBXFileReference; lastKnownFileType = text.script.php; path = dompdf_exception.cls.php; sourceTree = "<group>"; };
		1F4ABB141611A3D100484F73 /* dompdf_internal_exception.cls.php */ = {isa = PBXFileReference; lastKnownFileType = text.script.php; path = dompdf_internal_exception.cls.php; sourceTree = "<group>"; };
		1F4ABB151611A3D100484F73 /* font_metrics.cls.php */ = {isa = PBXFileReference; lastKnownFileType = text.script.php; path = font_metrics.cls.php; sourceTree = "<group>"; };
		1F4ABB161611A3D100484F73 /* frame.cls.php */ = {isa = PBXFileReference; lastKnownFileType = text.script.php; path = frame.cls.php; sourceTree = "<group>"; };
		1F4ABB171611A3D100484F73 /* frame_decorator.cls.php */ = {isa = PBXFileReference; lastKnownFileType = text.script.php; path = frame_decorator.cls.php; sourceTree = "<group>"; };
		1F4ABB181611A3D100484F73 /* frame_factory.cls.php */ = {isa = PBXFileReference; lastKnownFileType = text.script.php; path = frame_factory.cls.php; sourceTree = "<group>"; };
		1F4ABB191611A3D100484F73 /* frame_reflower.cls.php */ = {isa = PBXFileReference; lastKnownFileType = text.script.php; path = frame_reflower.cls.php; sourceTree = "<group>"; };
		1F4ABB1A1611A3D100484F73 /* frame_tree.cls.php */ = {isa = PBXFileReference; lastKnownFileType = text.script.php; path = frame_tree.cls.php; sourceTree = "<group>"; };
		1F4ABB1B1611A3D100484F73 /* functions.inc.php */ = {isa = PBXFileReference; lastKnownFileType = text.script.php; path = functions.inc.php; sourceTree = "<group>"; };
		1F4ABB1C1611A3D100484F73 /* gd_adapter.cls.php */ = {isa = PBXFileReference; lastKnownFileType = text.script.php; path = gd_adapter.cls.php; sourceTree = "<group>"; };
		1F4ABB1D1611A3D100484F73 /* generated_frame_reflower.cls.php */ = {isa = PBXFileReference; lastKnownFileType = text.script.php; path = generated_frame_reflower.cls.php; sourceTree = "<group>"; };
		1F4ABB1E1611A3D100484F73 /* image_cache.cls.php */ = {isa = PBXFileReference; lastKnownFileType = text.script.php; path = image_cache.cls.php; sourceTree = "<group>"; };
		1F4ABB1F1611A3D100484F73 /* image_frame_decorator.cls.php */ = {isa = PBXFileReference; lastKnownFileType = text.script.php; path = image_frame_decorator.cls.php; sourceTree = "<group>"; };
		1F4ABB201611A3D100484F73 /* image_frame_reflower.cls.php */ = {isa = PBXFileReference; lastKnownFileType = text.script.php; path = image_frame_reflower.cls.php; sourceTree = "<group>"; };
		1F4ABB211611A3D100484F73 /* image_renderer.cls.php */ = {isa = PBXFileReference; lastKnownFileType = text.script.php; path = image_renderer.cls.php; sourceTree = "<group>"; };
		1F4ABB221611A3D100484F73 /* inline_frame_decorator.cls.php */ = {isa = PBXFileReference; lastKnownFileType = text.script.php; path = inline_frame_decorator.cls.php; sourceTree = "<group>"; };
		1F4ABB231611A3D100484F73 /* inline_frame_reflower.cls.php */ = {isa = PBXFileReference; lastKnownFileType = text.script.php; path = inline_frame_reflower.cls.php; sourceTree = "<group>"; };
		1F4ABB241611A3D100484F73 /* inline_positioner.cls.php */ = {isa = PBXFileReference; lastKnownFileType = text.script.php; path = inline_positioner.cls.php; sourceTree = "<group>"; };
		1F4ABB251611A3D100484F73 /* inline_renderer.cls.php */ = {isa = PBXFileReference; lastKnownFileType = text.script.php; path = inline_renderer.cls.php; sourceTree = "<group>"; };
		1F4ABB261611A3D100484F73 /* list_bullet_frame_decorator.cls.php */ = {isa = PBXFileReference; lastKnownFileType = text.script.php; path = list_bullet_frame_decorator.cls.php; sourceTree = "<group>"; };
		1F4ABB271611A3D100484F73 /* list_bullet_frame_reflower.cls.php */ = {isa = PBXFileReference; lastKnownFileType = text.script.php; path = list_bullet_frame_reflower.cls.php; sourceTree = "<group>"; };
		1F4ABB281611A3D100484F73 /* list_bullet_image_frame_decorator.cls.php */ = {isa = PBXFileReference; lastKnownFileType = text.script.php; path = list_bullet_image_frame_decorator.cls.php; sourceTree = "<group>"; };
		1F4ABB291611A3D100484F73 /* list_bullet_positioner.cls.php */ = {isa = PBXFileReference; lastKnownFileType = text.script.php; path = list_bullet_positioner.cls.php; sourceTree = "<group>"; };
		1F4ABB2A1611A3D100484F73 /* list_bullet_renderer.cls.php */ = {isa = PBXFileReference; lastKnownFileType = text.script.php; path = list_bullet_renderer.cls.php; sourceTree = "<group>"; };
		1F4ABB2B1611A3D100484F73 /* null_frame_decorator.cls.php */ = {isa = PBXFileReference; lastKnownFileType = text.script.php; path = null_frame_decorator.cls.php; sourceTree = "<group>"; };
		1F4ABB2C1611A3D100484F73 /* null_frame_reflower.cls.php */ = {isa = PBXFileReference; lastKnownFileType = text.script.php; path = null_frame_reflower.cls.php; sourceTree = "<group>"; };
		1F4ABB2D1611A3D100484F73 /* null_positioner.cls.php */ = {isa = PBXFileReference; lastKnownFileType = text.script.php; path = null_positioner.cls.php; sourceTree = "<group>"; };
		1F4ABB2E1611A3D100484F73 /* page_cache.cls.php */ = {isa = PBXFileReference; lastKnownFileType = text.script.php; path = page_cache.cls.php; sourceTree = "<group>"; };
		1F4ABB2F1611A3D100484F73 /* page_frame_decorator.cls.php */ = {isa = PBXFileReference; lastKnownFileType = text.script.php; path = page_frame_decorator.cls.php; sourceTree = "<group>"; };
		1F4ABB301611A3D100484F73 /* page_frame_reflower.cls.php */ = {isa = PBXFileReference; lastKnownFileType = text.script.php; path = page_frame_reflower.cls.php; sourceTree = "<group>"; };
		1F4ABB311611A3D100484F73 /* pdflib_adapter.cls.php */ = {isa = PBXFileReference; lastKnownFileType = text.script.php; path = pdflib_adapter.cls.php; sourceTree = "<group>"; };
		1F4ABB321611A3D100484F73 /* php_evaluator.cls.php */ = {isa = PBXFileReference; lastKnownFileType = text.script.php; path = php_evaluator.cls.php; sourceTree = "<group>"; };
		1F4ABB331611A3D100484F73 /* positioner.cls.php */ = {isa = PBXFileReference; lastKnownFileType = text.script.php; path = positioner.cls.php; sourceTree = "<group>"; };
		1F4ABB341611A3D100484F73 /* renderer.cls.php */ = {isa = PBXFileReference; lastKnownFileType = text.script.php; path = renderer.cls.php; sourceTree = "<group>"; };
		1F4ABB351611A3D100484F73 /* style.cls.php */ = {isa = PBXFileReference; lastKnownFileType = text.script.php; path = style.cls.php; sourceTree = "<group>"; };
		1F4ABB361611A3D100484F73 /* stylesheet.cls.php */ = {isa = PBXFileReference; lastKnownFileType = text.script.php; path = stylesheet.cls.php; sourceTree = "<group>"; };
		1F4ABB371611A3D100484F73 /* table_cell_frame_decorator.cls.php */ = {isa = PBXFileReference; lastKnownFileType = text.script.php; path = table_cell_frame_decorator.cls.php; sourceTree = "<group>"; };
		1F4ABB381611A3D100484F73 /* table_cell_frame_reflower.cls.php */ = {isa = PBXFileReference; lastKnownFileType = text.script.php; path = table_cell_frame_reflower.cls.php; sourceTree = "<group>"; };
		1F4ABB391611A3D100484F73 /* table_cell_positioner.cls.php */ = {isa = PBXFileReference; lastKnownFileType = text.script.php; path = table_cell_positioner.cls.php; sourceTree = "<group>"; };
		1F4ABB3A1611A3D100484F73 /* table_cell_renderer.cls.php */ = {isa = PBXFileReference; lastKnownFileType = text.script.php; path = table_cell_renderer.cls.php; sourceTree = "<group>"; };
		1F4ABB3B1611A3D100484F73 /* table_frame_decorator.cls.php */ = {isa = PBXFileReference; lastKnownFileType = text.script.php; path = table_frame_decorator.cls.php; sourceTree = "<group>"; };
		1F4ABB3C1611A3D100484F73 /* table_frame_reflower.cls.php */ = {isa = PBXFileReference; lastKnownFileType = text.script.php; path = table_frame_reflower.cls.php; sourceTree = "<group>"; };
		1F4ABB3D1611A3D100484F73 /* table_row_frame_decorator.cls.php */ = {isa = PBXFileReference; lastKnownFileType = text.script.php; path = table_row_frame_decorator.cls.php; sourceTree = "<group>"; };
		1F4ABB3E1611A3D100484F73 /* table_row_frame_reflower.cls.php */ = {isa = PBXFileReference; lastKnownFileType = text.script.php; path = table_row_frame_reflower.cls.php; sourceTree = "<group>"; };
		1F4ABB3F1611A3D100484F73 /* table_row_group_frame_decorator.cls.php */ = {isa = PBXFileReference; lastKnownFileType = text.script.php; path = table_row_group_frame_decorator.cls.php; sourceTree = "<group>"; };
		1F4ABB401611A3D100484F73 /* table_row_group_frame_reflower.cls.php */ = {isa = PBXFileReference; lastKnownFileType = text.script.php; path = table_row_group_frame_reflower.cls.php; sourceTree = "<group>"; };
		1F4ABB411611A3D100484F73 /* table_row_positioner.cls.php */ = {isa = PBXFileReference; lastKnownFileType = text.script.php; path = table_row_positioner.cls.php; sourceTree = "<group>"; };
		1F4ABB421611A3D100484F73 /* tcpdf_adapter.cls.php */ = {isa = PBXFileReference; lastKnownFileType = text.script.php; path = tcpdf_adapter.cls.php; sourceTree = "<group>"; };
		1F4ABB431611A3D100484F73 /* text_frame_decorator.cls.php */ = {isa = PBXFileReference; lastKnownFileType = text.script.php; path = text_frame_decorator.cls.php; sourceTree = "<group>"; };
		1F4ABB441611A3D100484F73 /* text_frame_reflower.cls.php */ = {isa = PBXFileReference; lastKnownFileType = text.script.php; path = text_frame_reflower.cls.php; sourceTree = "<group>"; };
		1F4ABB451611A3D100484F73 /* text_renderer.cls.php */ = {isa = PBXFileReference; lastKnownFileType = text.script.php; path = text_renderer.cls.php; sourceTree = "<group>"; };
		1F4ABB461611A3D100484F73 /* INSTALL */ = {isa = PBXFileReference; lastKnownFileType = text; path = INSTALL; sourceTree = "<group>"; };
		1F4ABB481611A3D100484F73 /* class.pdf.php */ = {isa = PBXFileReference; lastKnownFileType = text.script.php; path = class.pdf.php; sourceTree = "<group>"; };
		1F4ABB4A1611A3D100484F73 /* Courier-Bold.afm */ = {isa = PBXFileReference; lastKnownFileType = text; path = "Courier-Bold.afm"; sourceTree = "<group>"; };
		1F4ABB4B1611A3D100484F73 /* Courier-BoldOblique.afm */ = {isa = PBXFileReference; lastKnownFileType = text; path = "Courier-BoldOblique.afm"; sourceTree = "<group>"; };
		1F4ABB4C1611A3D100484F73 /* Courier-Oblique.afm */ = {isa = PBXFileReference; lastKnownFileType = text; path = "Courier-Oblique.afm"; sourceTree = "<group>"; };
		1F4ABB4D1611A3D100484F73 /* Courier.afm */ = {isa = PBXFileReference; lastKnownFileType = text; path = Courier.afm; sourceTree = "<group>"; };
		1F4ABB4E1611A3D100484F73 /* dompdf_font_family_cache */ = {isa = PBXFileReference; lastKnownFileType = text; path = dompdf_font_family_cache; sourceTree = "<group>"; };
		1F4ABB4F1611A3D100484F73 /* dompdf_font_family_cache.dist */ = {isa = PBXFileReference; lastKnownFileType = text; path = dompdf_font_family_cache.dist; sourceTree = "<group>"; };
		1F4ABB501611A3D100484F73 /* Helvetica-Bold.afm */ = {isa = PBXFileReference; lastKnownFileType = text; path = "Helvetica-Bold.afm"; sourceTree = "<group>"; };
		1F4ABB511611A3D100484F73 /* Helvetica-BoldOblique.afm */ = {isa = PBXFileReference; lastKnownFileType = text; path = "Helvetica-BoldOblique.afm"; sourceTree = "<group>"; };
		1F4ABB521611A3D100484F73 /* Helvetica-Oblique.afm */ = {isa = PBXFileReference; lastKnownFileType = text; path = "Helvetica-Oblique.afm"; sourceTree = "<group>"; };
		1F4ABB531611A3D100484F73 /* Helvetica.afm */ = {isa = PBXFileReference; lastKnownFileType = text; path = Helvetica.afm; sourceTree = "<group>"; };
		1F4ABB541611A3D100484F73 /* Times-Bold.afm */ = {isa = PBXFileReference; lastKnownFileType = text; path = "Times-Bold.afm"; sourceTree = "<group>"; };
		1F4ABB551611A3D100484F73 /* Times-BoldItalic.afm */ = {isa = PBXFileReference; lastKnownFileType = text; path = "Times-BoldItalic.afm"; sourceTree = "<group>"; };
		1F4ABB561611A3D100484F73 /* Times-Italic.afm */ = {isa = PBXFileReference; lastKnownFileType = text; path = "Times-Italic.afm"; sourceTree = "<group>"; };
		1F4ABB571611A3D100484F73 /* Times-Roman.afm */ = {isa = PBXFileReference; lastKnownFileType = text; path = "Times-Roman.afm"; sourceTree = "<group>"; };
		1F4ABB581611A3D100484F73 /* ZapfDingbats.afm */ = {isa = PBXFileReference; lastKnownFileType = text; path = ZapfDingbats.afm; sourceTree = "<group>"; };
		1F4ABB5A1611A3D100484F73 /* broken_image.png */ = {isa = PBXFileReference; lastKnownFileType = image.png; path = broken_image.png; sourceTree = "<group>"; };
		1F4ABB5B1611A3D100484F73 /* html.css */ = {isa = PBXFileReference; lastKnownFileType = text.css; path = html.css; sourceTree = "<group>"; };
		1F4ABB5C1611A3D100484F73 /* LICENSE.LGPL */ = {isa = PBXFileReference; lastKnownFileType = text; path = LICENSE.LGPL; sourceTree = "<group>"; };
		1F4ABB5D1611A3D100484F73 /* load_font.php */ = {isa = PBXFileReference; lastKnownFileType = text.script.php; path = load_font.php; sourceTree = "<group>"; };
		1F4ABB5E1611A3D100484F73 /* README */ = {isa = PBXFileReference; lastKnownFileType = text; path = README; sourceTree = "<group>"; };
		1F4ABB5F1611A3D100484F73 /* TODO */ = {isa = PBXFileReference; lastKnownFileType = text; path = TODO; sourceTree = "<group>"; };
		1F4ABB611611A3D100484F73 /* examples.php */ = {isa = PBXFileReference; lastKnownFileType = text.script.php; path = examples.php; sourceTree = "<group>"; };
		1F4ABB621611A3D100484F73 /* faq.php */ = {isa = PBXFileReference; lastKnownFileType = text.script.php; path = faq.php; sourceTree = "<group>"; };
		1F4ABB631611A3D100484F73 /* foot.inc */ = {isa = PBXFileReference; lastKnownFileType = sourcecode.pascal; path = foot.inc; sourceTree = "<group>"; };
		1F4ABB641611A3D100484F73 /* head.inc */ = {isa = PBXFileReference; lastKnownFileType = sourcecode.pascal; path = head.inc; sourceTree = "<group>"; };
		1F4ABB661611A3D100484F73 /* arrow_01.gif */ = {isa = PBXFileReference; lastKnownFileType = image.gif; path = arrow_01.gif; sourceTree = "<group>"; };
		1F4ABB671611A3D100484F73 /* arrow_02.gif */ = {isa = PBXFileReference; lastKnownFileType = image.gif; path = arrow_02.gif; sourceTree = "<group>"; };
		1F4ABB681611A3D100484F73 /* arrow_03.gif */ = {isa = PBXFileReference; lastKnownFileType = image.gif; path = arrow_03.gif; sourceTree = "<group>"; };
		1F4ABB691611A3D100484F73 /* arrow_04.gif */ = {isa = PBXFileReference; lastKnownFileType = image.gif; path = arrow_04.gif; sourceTree = "<group>"; };
		1F4ABB6A1611A3D100484F73 /* arrow_05.gif */ = {isa = PBXFileReference; lastKnownFileType = image.gif; path = arrow_05.gif; sourceTree = "<group>"; };
		1F4ABB6B1611A3D100484F73 /* arrow_06.gif */ = {isa = PBXFileReference; lastKnownFileType = image.gif; path = arrow_06.gif; sourceTree = "<group>"; };
		1F4ABB6C1611A3D100484F73 /* css2.png */ = {isa = PBXFileReference; lastKnownFileType = image.png; path = css2.png; sourceTree = "<group>"; };
		1F4ABB6D1611A3D100484F73 /* dompdf_simple.png */ = {isa = PBXFileReference; lastKnownFileType = image.png; path = dompdf_simple.png; sourceTree = "<group>"; };
		1F4ABB6E1611A3D100484F73 /* favicon.ico */ = {isa = PBXFileReference; lastKnownFileType = image.ico; path = favicon.ico; sourceTree = "<group>"; };
		1F4ABB6F1611A3D100484F73 /* favicon.png */ = {isa = PBXFileReference; lastKnownFileType = image.png; path = favicon.png; sourceTree = "<group>"; };
		1F4ABB701611A3D100484F73 /* h_bar.gif */ = {isa = PBXFileReference; lastKnownFileType = image.gif; path = h_bar.gif; sourceTree = "<group>"; };
		1F4ABB711611A3D100484F73 /* left_arrow.gif */ = {isa = PBXFileReference; lastKnownFileType = image.gif; path = left_arrow.gif; sourceTree = "<group>"; };
		1F4ABB721611A3D100484F73 /* logo.png */ = {isa = PBXFileReference; lastKnownFileType = image.png; path = logo.png; sourceTree = "<group>"; };
		1F4ABB731611A3D100484F73 /* php5-power-micro.png */ = {isa = PBXFileReference; lastKnownFileType = image.png; path = "php5-power-micro.png"; sourceTree = "<group>"; };
		1F4ABB741611A3D100484F73 /* small_logo.png */ = {isa = PBXFileReference; lastKnownFileType = image.png; path = small_logo.png; sourceTree = "<group>"; };
		1F4ABB751611A3D100484F73 /* star_01.gif */ = {isa = PBXFileReference; lastKnownFileType = image.gif; path = star_01.gif; sourceTree = "<group>"; };
		1F4ABB761611A3D100484F73 /* star_02.gif */ = {isa = PBXFileReference; lastKnownFileType = image.gif; path = star_02.gif; sourceTree = "<group>"; };
		1F4ABB771611A3D100484F73 /* star_03.gif */ = {isa = PBXFileReference; lastKnownFileType = image.gif; path = star_03.gif; sourceTree = "<group>"; };
		1F4ABB781611A3D100484F73 /* star_04.gif */ = {isa = PBXFileReference; lastKnownFileType = image.gif; path = star_04.gif; sourceTree = "<group>"; };
		1F4ABB791611A3D100484F73 /* star_05.gif */ = {isa = PBXFileReference; lastKnownFileType = image.gif; path = star_05.gif; sourceTree = "<group>"; };
		1F4ABB7A1611A3D100484F73 /* title.gif */ = {isa = PBXFileReference; lastKnownFileType = image.gif; path = title.gif; sourceTree = "<group>"; };
		1F4ABB7B1611A3D100484F73 /* v_bar.gif */ = {isa = PBXFileReference; lastKnownFileType = image.gif; path = v_bar.gif; sourceTree = "<group>"; };
		1F4ABB7C1611A3D100484F73 /* xhtml10.png */ = {isa = PBXFileReference; lastKnownFileType = image.png; path = xhtml10.png; sourceTree = "<group>"; };
		1F4ABB7D1611A3D100484F73 /* index.php */ = {isa = PBXFileReference; lastKnownFileType = text.script.php; path = index.php; sourceTree = "<group>"; };
		1F4ABB7E1611A3D100484F73 /* install.php */ = {isa = PBXFileReference; lastKnownFileType = text.script.php; path = install.php; sourceTree = "<group>"; };
		1F4ABB7F1611A3D100484F73 /* style.css */ = {isa = PBXFileReference; lastKnownFileType = text.css; path = style.css; sourceTree = "<group>"; };
		1F4ABB811611A3D100484F73 /* anchor_link.html */ = {isa = PBXFileReference; lastKnownFileType = text.html; path = anchor_link.html; sourceTree = "<group>"; };
		1F4ABB821611A3D100484F73 /* background_image.html */ = {isa = PBXFileReference; lastKnownFileType = text.html; path = background_image.html; sourceTree = "<group>"; };
		1F4ABB831611A3D100484F73 /* baseline.html */ = {isa = PBXFileReference; lastKnownFileType = text.html; path = baseline.html; sourceTree = "<group>"; };
		1F4ABB841611A3D100484F73 /* block_height.html */ = {isa = PBXFileReference; lastKnownFileType = text.html; path = block_height.html; sourceTree = "<group>"; };
		1F4ABB851611A3D100484F73 /* border_css_values.html */ = {isa = PBXFileReference; lastKnownFileType = text.html; path = border_css_values.html; sourceTree = "<group>"; };
		1F4ABB861611A3D100484F73 /* border_test.html */ = {isa = PBXFileReference; lastKnownFileType = text.html; path = border_test.html; sourceTree = "<group>"; };
		1F4ABB871611A3D100484F73 /* br.html */ = {isa = PBXFileReference; lastKnownFileType = text.html; path = br.html; sourceTree = "<group>"; };
		1F4ABB881611A3D100484F73 /* center_table.html */ = {isa = PBXFileReference; lastKnownFileType = text.html; path = center_table.html; sourceTree = "<group>"; };
		1F4ABB891611A3D100484F73 /* common.css */ = {isa = PBXFileReference; lastKnownFileType = text.css; path = common.css; sourceTree = "<group>"; };
		1F4ABB8A1611A3D100484F73 /* demo_01.html */ = {isa = PBXFileReference; lastKnownFileType = text.html; path = demo_01.html; sourceTree = "<group>"; };
		1F4ABB8B1611A3D100484F73 /* dompdf_simple.png */ = {isa = PBXFileReference; lastKnownFileType = image.png; path = dompdf_simple.png; sourceTree = "<group>"; };
		1F4ABB8C1611A3D100484F73 /* entities.html */ = {isa = PBXFileReference; lastKnownFileType = text.html; path = entities.html; sourceTree = "<group>"; };
		1F4ABB8D1611A3D100484F73 /* gif_test.html */ = {isa = PBXFileReference; lastKnownFileType = text.html; path = gif_test.html; sourceTree = "<group>"; };
		1F4ABB8E1611A3D100484F73 /* html_attributes.html */ = {isa = PBXFileReference; lastKnownFileType = text.html; path = html_attributes.html; sourceTree = "<group>"; };
		1F4ABB8F1611A3D100484F73 /* image.html */ = {isa = PBXFileReference; lastKnownFileType = text.html; path = image.html; sourceTree = "<group>"; };
		1F4ABB901611A3D100484F73 /* latin1.html */ = {isa = PBXFileReference; lastKnownFileType = text.html; path = latin1.html; sourceTree = "<group>"; };
		1F4ABB911611A3D100484F73 /* long_table.php */ = {isa = PBXFileReference; lastKnownFileType = text.script.php; path = long_table.php; sourceTree = "<group>"; };
		1F4ABB921611A3D100484F73 /* margin.html */ = {isa = PBXFileReference; lastKnownFileType = text.html; path = margin.html; sourceTree = "<group>"; };
		1F4ABB931611A3D100484F73 /* multiple_class.html */ = {isa = PBXFileReference; lastKnownFileType = text.html; path = multiple_class.html; sourceTree = "<group>"; };
		1F4ABB941611A3D100484F73 /* nbsp.html */ = {isa = PBXFileReference; lastKnownFileType = text.html; path = nbsp.html; sourceTree = "<group>"; };
		1F4ABB951611A3D100484F73 /* pages.html */ = {isa = PBXFileReference; lastKnownFileType = text.html; path = pages.html; sourceTree = "<group>"; };
		1F4ABB961611A3D100484F73 /* php.gif */ = {isa = PBXFileReference; lastKnownFileType = image.gif; path = php.gif; sourceTree = "<group>"; };
		1F4ABB971611A3D100484F73 /* php_test.php */ = {isa = PBXFileReference; lastKnownFileType = text.script.php; path = php_test.php; sourceTree = "<group>"; };
		1F4ABB981611A3D100484F73 /* print_static.css */ = {isa = PBXFileReference; lastKnownFileType = text.css; path = print_static.css; sourceTree = "<group>"; };
		1F4ABB991611A3D100484F73 /* remote.html */ = {isa = PBXFileReference; lastKnownFileType = text.html; path = remote.html; sourceTree = "<group>"; };
		1F4ABB9A1611A3D100484F73 /* simple_ul.html */ = {isa = PBXFileReference; lastKnownFileType = text.html; path = simple_ul.html; sourceTree = "<group>"; };
		1F4ABB9B1611A3D100484F73 /* special.html */ = {isa = PBXFileReference; lastKnownFileType = text.html; path = special.html; sourceTree = "<group>"; };
		1F4ABB9C1611A3D100484F73 /* symbols.html */ = {isa = PBXFileReference; lastKnownFileType = text.html; path = symbols.html; sourceTree = "<group>"; };
		1F4ABB9D1611A3D100484F73 /* table.html */ = {isa = PBXFileReference; lastKnownFileType = text.html; path = table.html; sourceTree = "<group>"; };
		1F4ABB9E1611A3D100484F73 /* table_height.html */ = {isa = PBXFileReference; lastKnownFileType = text.html; path = table_height.html; sourceTree = "<group>"; };
		1F4ABB9F1611A3D100484F73 /* table_image.html */ = {isa = PBXFileReference; lastKnownFileType = text.html; path = table_image.html; sourceTree = "<group>"; };
		1F4ABBA01611A3D100484F73 /* ul.html */ = {isa = PBXFileReference; lastKnownFileType = text.html; path = ul.html; sourceTree = "<group>"; };
		1F4ABBA11611A3D100484F73 /* unicode.html */ = {isa = PBXFileReference; lastKnownFileType = text.html; path = unicode.html; sourceTree = "<group>"; };
		1F4ABBA21611A3D100484F73 /* usage.php */ = {isa = PBXFileReference; lastKnownFileType = text.script.php; path = usage.php; sourceTree = "<group>"; };
		1F4ABBA31611A3D100484F73 /* test.html */ = {isa = PBXFileReference; lastKnownFileType = text.html; path = test.html; sourceTree = "<group>"; };
		1F4ABBA81611CE9700484F73 /* cal.php */ = {isa = PBXFileReference; fileEncoding = 4; lastKnownFileType = text.script.php; path = cal.php; sourceTree = "<group>"; };
		1F649E2615E8E7A500380394 /* mail.php */ = {isa = PBXFileReference; lastKnownFileType = text.script.php; path = mail.php; sourceTree = "<group>"; };
		1F649E2A15E8FEC000380394 /* PdfConfig.php */ = {isa = PBXFileReference; lastKnownFileType = text.script.php; name = PdfConfig.php; path = config/PdfConfig.php; sourceTree = "<group>"; };
		1F649E2B15E8FECD00380394 /* FillTable.php */ = {isa = PBXFileReference; lastKnownFileType = text.script.php; name = FillTable.php; path = services/core/FillTable.php; sourceTree = "<group>"; };
		1F6C0FC10F018E1A00231EAF /* new.php */ = {isa = PBXFileReference; fileEncoding = 4; lastKnownFileType = text.script.php; path = new.php; sourceTree = "<group>"; };
		1F763F9A1441F0F0006735A2 /* class_cotisationsSimple.php */ = {isa = PBXFileReference; lastKnownFileType = text.script.php; path = class_cotisationsSimple.php; sourceTree = "<group>"; };
		1F9310B512F8A8E900980D5A /* presences.css */ = {isa = PBXFileReference; fileEncoding = 4; lastKnownFileType = text.css; path = presences.css; sourceTree = "<group>"; };
		1FBE18DE161249B100A5A519 /* config.php */ = {isa = PBXFileReference; lastKnownFileType = text.script.php; name = config.php; path = config/config.php; sourceTree = "<group>"; };
		1FBFA6900EA93082003EA493 /* SearchGauche.png */ = {isa = PBXFileReference; lastKnownFileType = image.png; path = SearchGauche.png; sourceTree = "<group>"; };
		1FC22C0F0EDA06D500F37789 /* completeName.php */ = {isa = PBXFileReference; fileEncoding = 4; lastKnownFileType = text.script.php; name = completeName.php; path = services/completeName.php; sourceTree = "<group>"; };
		1FC3C3290EE85FC800E0D90B /* PageHeader.php */ = {isa = PBXFileReference; fileEncoding = 4; lastKnownFileType = text.script.php; path = PageHeader.php; sourceTree = "<group>"; };
		1FC3C32B0EE8637100E0D90B /* PageHeader.css */ = {isa = PBXFileReference; fileEncoding = 4; lastKnownFileType = text.css; path = PageHeader.css; sourceTree = "<group>"; };
		1FC3C32C0EE8758C00E0D90B /* HeaderC_All.png */ = {isa = PBXFileReference; lastKnownFileType = image.png; path = HeaderC_All.png; sourceTree = "<group>"; };
		1FC3C32D0EE8758C00E0D90B /* HeaderD_All.png */ = {isa = PBXFileReference; lastKnownFileType = image.png; path = HeaderD_All.png; sourceTree = "<group>"; };
		1FC3C32E0EE8758C00E0D90B /* HeaderG_All.png */ = {isa = PBXFileReference; lastKnownFileType = image.png; path = HeaderG_All.png; sourceTree = "<group>"; };
		1FC3C32F0EE8758C00E0D90B /* HeaderR_All.png */ = {isa = PBXFileReference; lastKnownFileType = image.png; path = HeaderR_All.png; sourceTree = "<group>"; };
		1FCDBCAC0ED97D8500EEA6D0 /* action.js */ = {isa = PBXFileReference; fileEncoding = 4; lastKnownFileType = sourcecode.javascript; name = action.js; path = js/action.js; sourceTree = "<group>"; };
		1FCDBD050ED98CC300EEA6D0 /* builder.js */ = {isa = PBXFileReference; fileEncoding = 4; lastKnownFileType = sourcecode.javascript; path = builder.js; sourceTree = "<group>"; };
		1FCDBD060ED98CC300EEA6D0 /* controls.js */ = {isa = PBXFileReference; fileEncoding = 4; lastKnownFileType = sourcecode.javascript; path = controls.js; sourceTree = "<group>"; };
		1FCDBD070ED98CC300EEA6D0 /* dragdrop.js */ = {isa = PBXFileReference; fileEncoding = 4; lastKnownFileType = sourcecode.javascript; path = dragdrop.js; sourceTree = "<group>"; };
		1FCDBD080ED98CC300EEA6D0 /* effects.js */ = {isa = PBXFileReference; fileEncoding = 4; lastKnownFileType = sourcecode.javascript; path = effects.js; sourceTree = "<group>"; };
		1FCDBD090ED98CC300EEA6D0 /* prototype.js */ = {isa = PBXFileReference; fileEncoding = 4; lastKnownFileType = sourcecode.javascript; path = prototype.js; sourceTree = "<group>"; };
		1FCDBD0A0ED98CC300EEA6D0 /* scriptaculous.js */ = {isa = PBXFileReference; fileEncoding = 4; lastKnownFileType = sourcecode.javascript; path = scriptaculous.js; sourceTree = "<group>"; };
		1FCDBD0B0ED98CC300EEA6D0 /* slider.js */ = {isa = PBXFileReference; fileEncoding = 4; lastKnownFileType = sourcecode.javascript; path = slider.js; sourceTree = "<group>"; };
		1FCDBD0C0ED98CC300EEA6D0 /* sound.js */ = {isa = PBXFileReference; fileEncoding = 4; lastKnownFileType = sourcecode.javascript; path = sound.js; sourceTree = "<group>"; };
		1FCDBD0D0ED98CC300EEA6D0 /* unittest.js */ = {isa = PBXFileReference; fileEncoding = 4; lastKnownFileType = sourcecode.javascript; path = unittest.js; sourceTree = "<group>"; };
		1FCDBD0F0ED98DAE00EEA6D0 /* getPratiquants.php */ = {isa = PBXFileReference; fileEncoding = 4; lastKnownFileType = text.script.php; name = getPratiquants.php; path = services/getPratiquants.php; sourceTree = "<group>"; };
		1FCDBEB80ED9AB0700EEA6D0 /* getPratiquants.php */ = {isa = PBXFileReference; fileEncoding = 4; lastKnownFileType = text.script.php; name = getPratiquants.php; path = services/core/getPratiquants.php; sourceTree = "<group>"; };
		1FCDBF220ED9B44700EEA6D0 /* findPratiquantId.php */ = {isa = PBXFileReference; fileEncoding = 4; lastKnownFileType = text.script.php; name = findPratiquantId.php; path = services/findPratiquantId.php; sourceTree = "<group>"; };
		1FD6D8EC10A75FDC00B0B30E /* class_grades.php */ = {isa = PBXFileReference; fileEncoding = 4; lastKnownFileType = text.script.php; path = class_grades.php; sourceTree = "<group>"; };
		1FFC9CBB0F35B22D007A2ED4 /* New.css */ = {isa = PBXFileReference; fileEncoding = 4; lastKnownFileType = text.css; path = New.css; sourceTree = "<group>"; };
		1FFD8D0C0EA523C80090BC26 /* test.php */ = {isa = PBXFileReference; fileEncoding = 4; lastKnownFileType = text.script.php; path = test.php; sourceTree = SOURCE_ROOT; };
		1FFD8D0E0EA523C80090BC26 /* index.php */ = {isa = PBXFileReference; fileEncoding = 4; lastKnownFileType = text.script.php; path = index.php; sourceTree = SOURCE_ROOT; };
		1FFD8D110EA523C80090BC26 /* kobukai */ = {isa = PBXFileReference; lastKnownFileType = text; name = kobukai; path = db/kobukai; sourceTree = SOURCE_ROOT; };
		1FFD8D140EA523C80090BC26 /* general.css */ = {isa = PBXFileReference; fileEncoding = 4; lastKnownFileType = text.css; name = general.css; path = css/general.css; sourceTree = SOURCE_ROOT; };
		1FFD8D150EA523C80090BC26 /* MenuTabs.css */ = {isa = PBXFileReference; fileEncoding = 4; lastKnownFileType = text.css; name = MenuTabs.css; path = css/MenuTabs.css; sourceTree = SOURCE_ROOT; };
		1FFD8D160EA523C80090BC26 /* SearchArea.css */ = {isa = PBXFileReference; fileEncoding = 4; lastKnownFileType = text.css; name = SearchArea.css; path = css/SearchArea.css; sourceTree = SOURCE_ROOT; };
		1FFD8D1A0EA523C80090BC26 /* contributors */ = {isa = PBXFileReference; fileEncoding = 4; lastKnownFileType = text; name = contributors; path = core/pmo/contributors; sourceTree = SOURCE_ROOT; };
		1FFD8D1B0EA523C80090BC26 /* licence */ = {isa = PBXFileReference; fileEncoding = 4; lastKnownFileType = text; name = licence; path = core/pmo/licence; sourceTree = SOURCE_ROOT; };
		1FFD8D1E0EA523C80090BC26 /* class_lnk_grades_sections.php */ = {isa = PBXFileReference; fileEncoding = 4; lastKnownFileType = text.script.php; path = class_lnk_grades_sections.php; sourceTree = "<group>"; };
		1FFD8D1F0EA523C80090BC26 /* class_passages.php */ = {isa = PBXFileReference; fileEncoding = 4; lastKnownFileType = text.script.php; name = class_passages.php; path = core/pmo/PMO_core/class_loader/class_passages.php; sourceTree = SOURCE_ROOT; };
		1FFD8D200EA523C80090BC26 /* class_pratiquants.php */ = {isa = PBXFileReference; fileEncoding = 4; lastKnownFileType = text.script.php; name = class_pratiquants.php; path = core/pmo/PMO_core/class_loader/class_pratiquants.php; sourceTree = SOURCE_ROOT; };
		1FFD8D210EA523C80090BC26 /* class_section.php */ = {isa = PBXFileReference; fileEncoding = 4; lastKnownFileType = text.script.php; name = class_section.php; path = core/pmo/PMO_core/class_loader/class_section.php; sourceTree = SOURCE_ROOT; };
		1FFD8D220EA523C80090BC26 /* config.php */ = {isa = PBXFileReference; fileEncoding = 4; lastKnownFileType = text.script.php; name = config.php; path = core/pmo/PMO_core/config.php; sourceTree = SOURCE_ROOT; };
		1FFD8D230EA523C80090BC26 /* PMO_Controller.php */ = {isa = PBXFileReference; fileEncoding = 4; lastKnownFileType = text.script.php; name = PMO_Controller.php; path = core/pmo/PMO_core/PMO_Controller.php; sourceTree = SOURCE_ROOT; };
		1FFD8D240EA523C80090BC26 /* PMO_Map.php */ = {isa = PBXFileReference; fileEncoding = 4; lastKnownFileType = text.script.php; name = PMO_Map.php; path = core/pmo/PMO_core/PMO_Map.php; sourceTree = SOURCE_ROOT; };
		1FFD8D250EA523C80090BC26 /* PMO_MapHash.php */ = {isa = PBXFileReference; fileEncoding = 4; lastKnownFileType = text.script.php; name = PMO_MapHash.php; path = core/pmo/PMO_core/PMO_MapHash.php; sourceTree = SOURCE_ROOT; };
		1FFD8D260EA523C80090BC26 /* PMO_MapTable.php */ = {isa = PBXFileReference; fileEncoding = 4; lastKnownFileType = text.script.php; name = PMO_MapTable.php; path = core/pmo/PMO_core/PMO_MapTable.php; sourceTree = SOURCE_ROOT; };
		1FFD8D270EA523C80090BC26 /* PMO_MyController.php */ = {isa = PBXFileReference; fileEncoding = 4; lastKnownFileType = text.script.php; name = PMO_MyController.php; path = core/pmo/PMO_core/PMO_MyController.php; sourceTree = SOURCE_ROOT; };
		1FFD8D280EA523C80090BC26 /* PMO_MyMap.php */ = {isa = PBXFileReference; fileEncoding = 4; lastKnownFileType = text.script.php; name = PMO_MyMap.php; path = core/pmo/PMO_core/PMO_MyMap.php; sourceTree = SOURCE_ROOT; };
		1FFD8D290EA523C80090BC26 /* PMO_MyMapHash.php */ = {isa = PBXFileReference; fileEncoding = 4; lastKnownFileType = text.script.php; name = PMO_MyMapHash.php; path = core/pmo/PMO_core/PMO_MyMapHash.php; sourceTree = SOURCE_ROOT; };
		1FFD8D2A0EA523C80090BC26 /* PMO_MyMapTable.php */ = {isa = PBXFileReference; fileEncoding = 4; lastKnownFileType = text.script.php; name = PMO_MyMapTable.php; path = core/pmo/PMO_core/PMO_MyMapTable.php; sourceTree = SOURCE_ROOT; };
		1FFD8D2B0EA523C80090BC26 /* PMO_MyObject.php */ = {isa = PBXFileReference; fileEncoding = 4; lastKnownFileType = text.script.php; name = PMO_MyObject.php; path = core/pmo/PMO_core/PMO_MyObject.php; sourceTree = SOURCE_ROOT; };
		1FFD8D2C0EA523C80090BC26 /* PMO_MyParser.php */ = {isa = PBXFileReference; fileEncoding = 4; lastKnownFileType = text.script.php; name = PMO_MyParser.php; path = core/pmo/PMO_core/PMO_MyParser.php; sourceTree = SOURCE_ROOT; };
		1FFD8D2D0EA523C80090BC26 /* PMO_MySgbd.php */ = {isa = PBXFileReference; fileEncoding = 4; lastKnownFileType = text.script.php; name = PMO_MySgbd.php; path = core/pmo/PMO_core/PMO_MySgbd.php; sourceTree = SOURCE_ROOT; };
		1FFD8D2E0EA523C80090BC26 /* PMO_MyTable.php */ = {isa = PBXFileReference; fileEncoding = 4; lastKnownFileType = text.script.php; name = PMO_MyTable.php; path = core/pmo/PMO_core/PMO_MyTable.php; sourceTree = SOURCE_ROOT; };
		1FFD8D2F0EA523C80090BC26 /* PMO_Object.php */ = {isa = PBXFileReference; fileEncoding = 4; lastKnownFileType = text.script.php; name = PMO_Object.php; path = core/pmo/PMO_core/PMO_Object.php; sourceTree = SOURCE_ROOT; };
		1FFD8D300EA523C80090BC26 /* PMO_Parser.php */ = {isa = PBXFileReference; fileEncoding = 4; lastKnownFileType = text.script.php; name = PMO_Parser.php; path = core/pmo/PMO_core/PMO_Parser.php; sourceTree = SOURCE_ROOT; };
		1FFD8D310EA523C80090BC26 /* PMO_Sgbd.php */ = {isa = PBXFileReference; fileEncoding = 4; lastKnownFileType = text.script.php; name = PMO_Sgbd.php; path = core/pmo/PMO_core/PMO_Sgbd.php; sourceTree = SOURCE_ROOT; };
		1FFD8D320EA523C80090BC26 /* PMO_sgbd_mysql.php */ = {isa = PBXFileReference; fileEncoding = 4; lastKnownFileType = text.script.php; name = PMO_sgbd_mysql.php; path = core/pmo/PMO_core/PMO_sgbd_mysql.php; sourceTree = SOURCE_ROOT; };
		1FFD8D330EA523C80090BC26 /* PMO_sgbd_pdo.php */ = {isa = PBXFileReference; fileEncoding = 4; lastKnownFileType = text.script.php; name = PMO_sgbd_pdo.php; path = core/pmo/PMO_core/PMO_sgbd_pdo.php; sourceTree = SOURCE_ROOT; };
		1FFD8D340EA523C80090BC26 /* PMO_sgbd_pgsql.php */ = {isa = PBXFileReference; fileEncoding = 4; lastKnownFileType = text.script.php; name = PMO_sgbd_pgsql.php; path = core/pmo/PMO_core/PMO_sgbd_pgsql.php; sourceTree = SOURCE_ROOT; };
		1FFD8D350EA523C80090BC26 /* PMO_sgbd_sqlite.php */ = {isa = PBXFileReference; fileEncoding = 4; lastKnownFileType = text.script.php; name = PMO_sgbd_sqlite.php; path = core/pmo/PMO_core/PMO_sgbd_sqlite.php; sourceTree = SOURCE_ROOT; };
		1FFD8D360EA523C80090BC26 /* PMO_Table.php */ = {isa = PBXFileReference; fileEncoding = 4; lastKnownFileType = text.script.php; name = PMO_Table.php; path = core/pmo/PMO_core/PMO_Table.php; sourceTree = SOURCE_ROOT; };
		1FFD8D370EA523C80090BC26 /* readme */ = {isa = PBXFileReference; fileEncoding = 4; lastKnownFileType = text; name = readme; path = core/pmo/readme; sourceTree = SOURCE_ROOT; };
		1FFD8D380EA523C80090BC26 /* test.php */ = {isa = PBXFileReference; fileEncoding = 4; lastKnownFileType = text.script.php; name = test.php; path = core/pmo/test.php; sourceTree = SOURCE_ROOT; };
		1FFD8D3A0EA523C80090BC26 /* MenuTabs.php */ = {isa = PBXFileReference; fileEncoding = 4; lastKnownFileType = text.script.php; name = MenuTabs.php; path = controls/MenuTabs.php; sourceTree = SOURCE_ROOT; };
		1FFD8D3B0EA523C80090BC26 /* SearchArea.php */ = {isa = PBXFileReference; fileEncoding = 4; lastKnownFileType = text.script.php; name = SearchArea.php; path = controls/SearchArea.php; sourceTree = SOURCE_ROOT; };
		1FFD8D440EA531450090BC26 /* ResultHeader.php */ = {isa = PBXFileReference; fileEncoding = 4; lastKnownFileType = text.script.php; path = ResultHeader.php; sourceTree = "<group>"; };
		1FFD8D450EA532C10090BC26 /* ResultHeader.css */ = {isa = PBXFileReference; fileEncoding = 4; lastKnownFileType = text.css; path = ResultHeader.css; sourceTree = "<group>"; };
		1FFD8D4A0EA53C070090BC26 /* loupe.png */ = {isa = PBXFileReference; lastKnownFileType = image.png; name = loupe.png; path = images/loupe.png; sourceTree = SOURCE_ROOT; };
/* End PBXFileReference section */

/* Begin PBXGroup section */
		1F4ABAFD1611A3D100484F73 /* calendar */ = {
			isa = PBXGroup;
			children = (
				1F4ABBA81611CE9700484F73 /* cal.php */,
				1F4ABAFF1611A3D100484F73 /* calPDF.php */,
				1F4ABB001611A3D100484F73 /* test */,
				1F4ABBA31611A3D100484F73 /* test.html */,
			);
			path = calendar;
			sourceTree = "<group>";
		};
		1F4ABB001611A3D100484F73 /* test */ = {
			isa = PBXGroup;
			children = (
				1F4ABB011611A3D100484F73 /* dompdf */,
			);
			path = test;
			sourceTree = "<group>";
		};
		1F4ABB011611A3D100484F73 /* dompdf */ = {
			isa = PBXGroup;
			children = (
				1F4ABB021611A3D100484F73 /* ChangeLog */,
				1F4ABB031611A3D100484F73 /* dompdf.php */,
				1F4ABB041611A3D100484F73 /* dompdf_config.inc.php */,
				1F4ABB051611A3D100484F73 /* HACKING */,
				1F4ABB061611A3D100484F73 /* include */,
				1F4ABB461611A3D100484F73 /* INSTALL */,
				1F4ABB471611A3D100484F73 /* lib */,
				1F4ABB5C1611A3D100484F73 /* LICENSE.LGPL */,
				1F4ABB5D1611A3D100484F73 /* load_font.php */,
				1F4ABB5E1611A3D100484F73 /* README */,
				1F4ABB5F1611A3D100484F73 /* TODO */,
				1F4ABB601611A3D100484F73 /* www */,
			);
			path = dompdf;
			sourceTree = "<group>";
		};
		1F4ABB061611A3D100484F73 /* include */ = {
			isa = PBXGroup;
			children = (
				1F4ABB071611A3D100484F73 /* abstract_renderer.cls.php */,
				1F4ABB081611A3D100484F73 /* attribute_translator.cls.php */,
				1F4ABB091611A3D100484F73 /* block_frame_decorator.cls.php */,
				1F4ABB0A1611A3D100484F73 /* block_frame_reflower.cls.php */,
				1F4ABB0B1611A3D100484F73 /* block_positioner.cls.php */,
				1F4ABB0C1611A3D100484F73 /* block_renderer.cls.php */,
				1F4ABB0D1611A3D100484F73 /* cached_pdf_decorator.cls.php */,
				1F4ABB0E1611A3D100484F73 /* canvas.cls.php */,
				1F4ABB0F1611A3D100484F73 /* canvas_factory.cls.php */,
				1F4ABB101611A3D100484F73 /* cellmap.cls.php */,
				1F4ABB111611A3D100484F73 /* cpdf_adapter.cls.php */,
				1F4ABB121611A3D100484F73 /* dompdf.cls.php */,
				1F4ABB131611A3D100484F73 /* dompdf_exception.cls.php */,
				1F4ABB141611A3D100484F73 /* dompdf_internal_exception.cls.php */,
				1F4ABB151611A3D100484F73 /* font_metrics.cls.php */,
				1F4ABB161611A3D100484F73 /* frame.cls.php */,
				1F4ABB171611A3D100484F73 /* frame_decorator.cls.php */,
				1F4ABB181611A3D100484F73 /* frame_factory.cls.php */,
				1F4ABB191611A3D100484F73 /* frame_reflower.cls.php */,
				1F4ABB1A1611A3D100484F73 /* frame_tree.cls.php */,
				1F4ABB1B1611A3D100484F73 /* functions.inc.php */,
				1F4ABB1C1611A3D100484F73 /* gd_adapter.cls.php */,
				1F4ABB1D1611A3D100484F73 /* generated_frame_reflower.cls.php */,
				1F4ABB1E1611A3D100484F73 /* image_cache.cls.php */,
				1F4ABB1F1611A3D100484F73 /* image_frame_decorator.cls.php */,
				1F4ABB201611A3D100484F73 /* image_frame_reflower.cls.php */,
				1F4ABB211611A3D100484F73 /* image_renderer.cls.php */,
				1F4ABB221611A3D100484F73 /* inline_frame_decorator.cls.php */,
				1F4ABB231611A3D100484F73 /* inline_frame_reflower.cls.php */,
				1F4ABB241611A3D100484F73 /* inline_positioner.cls.php */,
				1F4ABB251611A3D100484F73 /* inline_renderer.cls.php */,
				1F4ABB261611A3D100484F73 /* list_bullet_frame_decorator.cls.php */,
				1F4ABB271611A3D100484F73 /* list_bullet_frame_reflower.cls.php */,
				1F4ABB281611A3D100484F73 /* list_bullet_image_frame_decorator.cls.php */,
				1F4ABB291611A3D100484F73 /* list_bullet_positioner.cls.php */,
				1F4ABB2A1611A3D100484F73 /* list_bullet_renderer.cls.php */,
				1F4ABB2B1611A3D100484F73 /* null_frame_decorator.cls.php */,
				1F4ABB2C1611A3D100484F73 /* null_frame_reflower.cls.php */,
				1F4ABB2D1611A3D100484F73 /* null_positioner.cls.php */,
				1F4ABB2E1611A3D100484F73 /* page_cache.cls.php */,
				1F4ABB2F1611A3D100484F73 /* page_frame_decorator.cls.php */,
				1F4ABB301611A3D100484F73 /* page_frame_reflower.cls.php */,
				1F4ABB311611A3D100484F73 /* pdflib_adapter.cls.php */,
				1F4ABB321611A3D100484F73 /* php_evaluator.cls.php */,
				1F4ABB331611A3D100484F73 /* positioner.cls.php */,
				1F4ABB341611A3D100484F73 /* renderer.cls.php */,
				1F4ABB351611A3D100484F73 /* style.cls.php */,
				1F4ABB361611A3D100484F73 /* stylesheet.cls.php */,
				1F4ABB371611A3D100484F73 /* table_cell_frame_decorator.cls.php */,
				1F4ABB381611A3D100484F73 /* table_cell_frame_reflower.cls.php */,
				1F4ABB391611A3D100484F73 /* table_cell_positioner.cls.php */,
				1F4ABB3A1611A3D100484F73 /* table_cell_renderer.cls.php */,
				1F4ABB3B1611A3D100484F73 /* table_frame_decorator.cls.php */,
				1F4ABB3C1611A3D100484F73 /* table_frame_reflower.cls.php */,
				1F4ABB3D1611A3D100484F73 /* table_row_frame_decorator.cls.php */,
				1F4ABB3E1611A3D100484F73 /* table_row_frame_reflower.cls.php */,
				1F4ABB3F1611A3D100484F73 /* table_row_group_frame_decorator.cls.php */,
				1F4ABB401611A3D100484F73 /* table_row_group_frame_reflower.cls.php */,
				1F4ABB411611A3D100484F73 /* table_row_positioner.cls.php */,
				1F4ABB421611A3D100484F73 /* tcpdf_adapter.cls.php */,
				1F4ABB431611A3D100484F73 /* text_frame_decorator.cls.php */,
				1F4ABB441611A3D100484F73 /* text_frame_reflower.cls.php */,
				1F4ABB451611A3D100484F73 /* text_renderer.cls.php */,
			);
			path = include;
			sourceTree = "<group>";
		};
		1F4ABB471611A3D100484F73 /* lib */ = {
			isa = PBXGroup;
			children = (
				1F4ABB481611A3D100484F73 /* class.pdf.php */,
				1F4ABB491611A3D100484F73 /* fonts */,
				1F4ABB591611A3D100484F73 /* res */,
			);
			path = lib;
			sourceTree = "<group>";
		};
		1F4ABB491611A3D100484F73 /* fonts */ = {
			isa = PBXGroup;
			children = (
				1F4ABB4A1611A3D100484F73 /* Courier-Bold.afm */,
				1F4ABB4B1611A3D100484F73 /* Courier-BoldOblique.afm */,
				1F4ABB4C1611A3D100484F73 /* Courier-Oblique.afm */,
				1F4ABB4D1611A3D100484F73 /* Courier.afm */,
				1F4ABB4E1611A3D100484F73 /* dompdf_font_family_cache */,
				1F4ABB4F1611A3D100484F73 /* dompdf_font_family_cache.dist */,
				1F4ABB501611A3D100484F73 /* Helvetica-Bold.afm */,
				1F4ABB511611A3D100484F73 /* Helvetica-BoldOblique.afm */,
				1F4ABB521611A3D100484F73 /* Helvetica-Oblique.afm */,
				1F4ABB531611A3D100484F73 /* Helvetica.afm */,
				1F4ABB541611A3D100484F73 /* Times-Bold.afm */,
				1F4ABB551611A3D100484F73 /* Times-BoldItalic.afm */,
				1F4ABB561611A3D100484F73 /* Times-Italic.afm */,
				1F4ABB571611A3D100484F73 /* Times-Roman.afm */,
				1F4ABB581611A3D100484F73 /* ZapfDingbats.afm */,
			);
			path = fonts;
			sourceTree = "<group>";
		};
		1F4ABB591611A3D100484F73 /* res */ = {
			isa = PBXGroup;
			children = (
				1F4ABB5A1611A3D100484F73 /* broken_image.png */,
				1F4ABB5B1611A3D100484F73 /* html.css */,
			);
			path = res;
			sourceTree = "<group>";
		};
		1F4ABB601611A3D100484F73 /* www */ = {
			isa = PBXGroup;
			children = (
				1F4ABB611611A3D100484F73 /* examples.php */,
				1F4ABB621611A3D100484F73 /* faq.php */,
				1F4ABB631611A3D100484F73 /* foot.inc */,
				1F4ABB641611A3D100484F73 /* head.inc */,
				1F4ABB651611A3D100484F73 /* images */,
				1F4ABB7D1611A3D100484F73 /* index.php */,
				1F4ABB7E1611A3D100484F73 /* install.php */,
				1F4ABB7F1611A3D100484F73 /* style.css */,
				1F4ABB801611A3D100484F73 /* test */,
				1F4ABBA21611A3D100484F73 /* usage.php */,
			);
			path = www;
			sourceTree = "<group>";
		};
		1F4ABB651611A3D100484F73 /* images */ = {
			isa = PBXGroup;
			children = (
				1F4ABB661611A3D100484F73 /* arrow_01.gif */,
				1F4ABB671611A3D100484F73 /* arrow_02.gif */,
				1F4ABB681611A3D100484F73 /* arrow_03.gif */,
				1F4ABB691611A3D100484F73 /* arrow_04.gif */,
				1F4ABB6A1611A3D100484F73 /* arrow_05.gif */,
				1F4ABB6B1611A3D100484F73 /* arrow_06.gif */,
				1F4ABB6C1611A3D100484F73 /* css2.png */,
				1F4ABB6D1611A3D100484F73 /* dompdf_simple.png */,
				1F4ABB6E1611A3D100484F73 /* favicon.ico */,
				1F4ABB6F1611A3D100484F73 /* favicon.png */,
				1F4ABB701611A3D100484F73 /* h_bar.gif */,
				1F4ABB711611A3D100484F73 /* left_arrow.gif */,
				1F4ABB721611A3D100484F73 /* logo.png */,
				1F4ABB731611A3D100484F73 /* php5-power-micro.png */,
				1F4ABB741611A3D100484F73 /* small_logo.png */,
				1F4ABB751611A3D100484F73 /* star_01.gif */,
				1F4ABB761611A3D100484F73 /* star_02.gif */,
				1F4ABB771611A3D100484F73 /* star_03.gif */,
				1F4ABB781611A3D100484F73 /* star_04.gif */,
				1F4ABB791611A3D100484F73 /* star_05.gif */,
				1F4ABB7A1611A3D100484F73 /* title.gif */,
				1F4ABB7B1611A3D100484F73 /* v_bar.gif */,
				1F4ABB7C1611A3D100484F73 /* xhtml10.png */,
			);
			path = images;
			sourceTree = "<group>";
		};
		1F4ABB801611A3D100484F73 /* test */ = {
			isa = PBXGroup;
			children = (
				1F4ABB811611A3D100484F73 /* anchor_link.html */,
				1F4ABB821611A3D100484F73 /* background_image.html */,
				1F4ABB831611A3D100484F73 /* baseline.html */,
				1F4ABB841611A3D100484F73 /* block_height.html */,
				1F4ABB851611A3D100484F73 /* border_css_values.html */,
				1F4ABB861611A3D100484F73 /* border_test.html */,
				1F4ABB871611A3D100484F73 /* br.html */,
				1F4ABB881611A3D100484F73 /* center_table.html */,
				1F4ABB891611A3D100484F73 /* common.css */,
				1F4ABB8A1611A3D100484F73 /* demo_01.html */,
				1F4ABB8B1611A3D100484F73 /* dompdf_simple.png */,
				1F4ABB8C1611A3D100484F73 /* entities.html */,
				1F4ABB8D1611A3D100484F73 /* gif_test.html */,
				1F4ABB8E1611A3D100484F73 /* html_attributes.html */,
				1F4ABB8F1611A3D100484F73 /* image.html */,
				1F4ABB901611A3D100484F73 /* latin1.html */,
				1F4ABB911611A3D100484F73 /* long_table.php */,
				1F4ABB921611A3D100484F73 /* margin.html */,
				1F4ABB931611A3D100484F73 /* multiple_class.html */,
				1F4ABB941611A3D100484F73 /* nbsp.html */,
				1F4ABB951611A3D100484F73 /* pages.html */,
				1F4ABB961611A3D100484F73 /* php.gif */,
				1F4ABB971611A3D100484F73 /* php_test.php */,
				1F4ABB981611A3D100484F73 /* print_static.css */,
				1F4ABB991611A3D100484F73 /* remote.html */,
				1F4ABB9A1611A3D100484F73 /* simple_ul.html */,
				1F4ABB9B1611A3D100484F73 /* special.html */,
				1F4ABB9C1611A3D100484F73 /* symbols.html */,
				1F4ABB9D1611A3D100484F73 /* table.html */,
				1F4ABB9E1611A3D100484F73 /* table_height.html */,
				1F4ABB9F1611A3D100484F73 /* table_image.html */,
				1F4ABBA01611A3D100484F73 /* ul.html */,
				1F4ABBA11611A3D100484F73 /* unicode.html */,
			);
			path = test;
			sourceTree = "<group>";
		};
		1F649E2715E8E98600380394 /* fpdf */ = {
			isa = PBXGroup;
			children = (
			);
			name = fpdf;
			sourceTree = "<group>";
		};
		1FCDBCAB0ED97D5300EEA6D0 /* js */ = {
			isa = PBXGroup;
			children = (
				1FCDBD040ED98CC300EEA6D0 /* scriptaculous */,
				1FCDBCAC0ED97D8500EEA6D0 /* action.js */,
			);
			name = js;
			sourceTree = "<group>";
		};
		1FCDBD040ED98CC300EEA6D0 /* scriptaculous */ = {
			isa = PBXGroup;
			children = (
				1FCDBD050ED98CC300EEA6D0 /* builder.js */,
				1FCDBD060ED98CC300EEA6D0 /* controls.js */,
				1FCDBD070ED98CC300EEA6D0 /* dragdrop.js */,
				1FCDBD080ED98CC300EEA6D0 /* effects.js */,
				1FCDBD090ED98CC300EEA6D0 /* prototype.js */,
				1FCDBD0A0ED98CC300EEA6D0 /* scriptaculous.js */,
				1FCDBD0B0ED98CC300EEA6D0 /* slider.js */,
				1FCDBD0C0ED98CC300EEA6D0 /* sound.js */,
				1FCDBD0D0ED98CC300EEA6D0 /* unittest.js */,
			);
			name = scriptaculous;
			path = js/scriptaculous;
			sourceTree = "<group>";
		};
		1FCDBD0E0ED98D8600EEA6D0 /* services */ = {
			isa = PBXGroup;
			children = (
				1FCDBEB60ED9AA9F00EEA6D0 /* core */,
				1FCDBD0F0ED98DAE00EEA6D0 /* getPratiquants.php */,
				1F3B8A7E12DCF12A004E650E /* getPratiquantsNom.php */,
				1FCDBF220ED9B44700EEA6D0 /* findPratiquantId.php */,
				1FC22C0F0EDA06D500F37789 /* completeName.php */,
				1F3B8B1912DD02F7004E650E /* AddPresence.php */,
			);
			name = services;
			sourceTree = "<group>";
		};
		1FCDBE420ED9A69400EEA6D0 /* config */ = {
			isa = PBXGroup;
			children = (
				1FBE18DE161249B100A5A519 /* config.php */,
				1F649E2A15E8FEC000380394 /* PdfConfig.php */,
			);
			name = config;
			sourceTree = "<group>";
		};
		1FCDBEB60ED9AA9F00EEA6D0 /* core */ = {
			isa = PBXGroup;
			children = (
				1F649E2B15E8FECD00380394 /* FillTable.php */,
				1FCDBEB80ED9AB0700EEA6D0 /* getPratiquants.php */,
			);
			name = core;
			sourceTree = "<group>";
		};
		1FD1E3430EA522E600870DE7 = {
			isa = PBXGroup;
			children = (
				1F4ABAFD1611A3D100484F73 /* calendar */,
				1F649E2715E8E98600380394 /* fpdf */,
				1F649E2615E8E7A500380394 /* mail.php */,
				1FCDBE420ED9A69400EEA6D0 /* config */,
				1FCDBD0E0ED98D8600EEA6D0 /* services */,
				1FCDBCAB0ED97D5300EEA6D0 /* js */,
				1FFD8D0C0EA523C80090BC26 /* test.php */,
				1FFD8D0E0EA523C80090BC26 /* index.php */,
				1FFD8D0F0EA523C80090BC26 /* images */,
				1FFD8D100EA523C80090BC26 /* db */,
				1FFD8D130EA523C80090BC26 /* css */,
				1FFD8D170EA523C80090BC26 /* core */,
				1FFD8D390EA523C80090BC26 /* controls */,
				1F6C0FC10F018E1A00231EAF /* new.php */,
				1F34A75812DBCF7E00201A1F /* ToDo */,
				1F3B8A7D12DCED98004E650E /* presences.php */,
			);
			sourceTree = "<group>";
		};
		1FFD8D0F0EA523C80090BC26 /* images */ = {
			isa = PBXGroup;
			children = (
				1FC3C32C0EE8758C00E0D90B /* HeaderC_All.png */,
				1FC3C32D0EE8758C00E0D90B /* HeaderD_All.png */,
				1FC3C32E0EE8758C00E0D90B /* HeaderG_All.png */,
				1FC3C32F0EE8758C00E0D90B /* HeaderR_All.png */,
				1FBFA6900EA93082003EA493 /* SearchGauche.png */,
				1FFD8D4A0EA53C070090BC26 /* loupe.png */,
			);
			path = images;
			sourceTree = SOURCE_ROOT;
		};
		1FFD8D100EA523C80090BC26 /* db */ = {
			isa = PBXGroup;
			children = (
				1FFD8D110EA523C80090BC26 /* kobukai */,
			);
			path = db;
			sourceTree = SOURCE_ROOT;
		};
		1FFD8D130EA523C80090BC26 /* css */ = {
			isa = PBXGroup;
			children = (
				1F9310B512F8A8E900980D5A /* presences.css */,
				1FFD8D140EA523C80090BC26 /* general.css */,
				1FFD8D150EA523C80090BC26 /* MenuTabs.css */,
				1FFD8D160EA523C80090BC26 /* SearchArea.css */,
				1FFD8D450EA532C10090BC26 /* ResultHeader.css */,
				1FC3C32B0EE8637100E0D90B /* PageHeader.css */,
				1FFC9CBB0F35B22D007A2ED4 /* New.css */,
			);
			path = css;
			sourceTree = SOURCE_ROOT;
		};
		1FFD8D170EA523C80090BC26 /* core */ = {
			isa = PBXGroup;
			children = (
				1FFD8D180EA523C80090BC26 /* pmo */,
			);
			path = core;
			sourceTree = SOURCE_ROOT;
		};
		1FFD8D180EA523C80090BC26 /* pmo */ = {
			isa = PBXGroup;
			children = (
				1FFD8D1A0EA523C80090BC26 /* contributors */,
				1FFD8D1B0EA523C80090BC26 /* licence */,
				1FFD8D1C0EA523C80090BC26 /* PMO_core */,
				1FFD8D370EA523C80090BC26 /* readme */,
				1FFD8D380EA523C80090BC26 /* test.php */,
			);
			name = pmo;
			path = core/pmo;
			sourceTree = SOURCE_ROOT;
		};
		1FFD8D1C0EA523C80090BC26 /* PMO_core */ = {
			isa = PBXGroup;
			children = (
				1FFD8D1D0EA523C80090BC26 /* class_loader */,
				1FFD8D220EA523C80090BC26 /* config.php */,
				1FFD8D230EA523C80090BC26 /* PMO_Controller.php */,
				1FFD8D240EA523C80090BC26 /* PMO_Map.php */,
				1FFD8D250EA523C80090BC26 /* PMO_MapHash.php */,
				1FFD8D260EA523C80090BC26 /* PMO_MapTable.php */,
				1FFD8D270EA523C80090BC26 /* PMO_MyController.php */,
				1FFD8D280EA523C80090BC26 /* PMO_MyMap.php */,
				1FFD8D290EA523C80090BC26 /* PMO_MyMapHash.php */,
				1FFD8D2A0EA523C80090BC26 /* PMO_MyMapTable.php */,
				1FFD8D2B0EA523C80090BC26 /* PMO_MyObject.php */,
				1FFD8D2C0EA523C80090BC26 /* PMO_MyParser.php */,
				1FFD8D2D0EA523C80090BC26 /* PMO_MySgbd.php */,
				1FFD8D2E0EA523C80090BC26 /* PMO_MyTable.php */,
				1FFD8D2F0EA523C80090BC26 /* PMO_Object.php */,
				1FFD8D300EA523C80090BC26 /* PMO_Parser.php */,
				1FFD8D310EA523C80090BC26 /* PMO_Sgbd.php */,
				1FFD8D320EA523C80090BC26 /* PMO_sgbd_mysql.php */,
				1FFD8D330EA523C80090BC26 /* PMO_sgbd_pdo.php */,
				1FFD8D340EA523C80090BC26 /* PMO_sgbd_pgsql.php */,
				1FFD8D350EA523C80090BC26 /* PMO_sgbd_sqlite.php */,
				1FFD8D360EA523C80090BC26 /* PMO_Table.php */,
			);
			name = PMO_core;
			path = core/pmo/PMO_core;
			sourceTree = SOURCE_ROOT;
		};
		1FFD8D1D0EA523C80090BC26 /* class_loader */ = {
			isa = PBXGroup;
			children = (
				1FD6D8EC10A75FDC00B0B30E /* class_grades.php */,
				1F2654801441E51A00683357 /* class_periodes.php */,
				1FFD8D1E0EA523C80090BC26 /* class_lnk_grades_sections.php */,
				1FFD8D1F0EA523C80090BC26 /* class_passages.php */,
				1FFD8D200EA523C80090BC26 /* class_pratiquants.php */,
				1FFD8D210EA523C80090BC26 /* class_section.php */,
				1F3B8B1A12DD0541004E650E /* class_presences.php */,
				1F2654811441E6F100683357 /* class_cotisationsPeriode.php */,
				1F763F9A1441F0F0006735A2 /* class_cotisationsSimple.php */,
			);
			name = class_loader;
			path = core/pmo/PMO_core/class_loader;
			sourceTree = SOURCE_ROOT;
		};
		1FFD8D390EA523C80090BC26 /* controls */ = {
			isa = PBXGroup;
			children = (
				1FFD8D3A0EA523C80090BC26 /* MenuTabs.php */,
				1FFD8D3B0EA523C80090BC26 /* SearchArea.php */,
				1FFD8D440EA531450090BC26 /* ResultHeader.php */,
				1FC3C3290EE85FC800E0D90B /* PageHeader.php */,
			);
			path = controls;
			sourceTree = SOURCE_ROOT;
		};
/* End PBXGroup section */

/* Begin PBXProject section */
		1FD1E3450EA522E700870DE7 /* Project object */ = {
			isa = PBXProject;
			buildConfigurationList = 1FD1E3480EA522E700870DE7 /* Build configuration list for PBXProject "kobukai" */;
			compatibilityVersion = "Xcode 3.0";
			developmentRegion = English;
			hasScannedForEncodings = 0;
			knownRegions = (
				en,
			);
			mainGroup = 1FD1E3430EA522E600870DE7;
			projectDirPath = "";
			projectRoot = "";
			targets = (
			);
		};
/* End PBXProject section */

/* Begin XCBuildConfiguration section */
		1FD1E3460EA522E700870DE7 /* Debug */ = {
			isa = XCBuildConfiguration;
			buildSettings = {
				COPY_PHASE_STRIP = NO;
			};
			name = Debug;
		};
		1FD1E3470EA522E700870DE7 /* Release */ = {
			isa = XCBuildConfiguration;
			buildSettings = {
				COPY_PHASE_STRIP = YES;
			};
			name = Release;
		};
/* End XCBuildConfiguration section */

/* Begin XCConfigurationList section */
		1FD1E3480EA522E700870DE7 /* Build configuration list for PBXProject "kobukai" */ = {
			isa = XCConfigurationList;
			buildConfigurations = (
				1FD1E3460EA522E700870DE7 /* Debug */,
				1FD1E3470EA522E700870DE7 /* Release */,
			);
			defaultConfigurationIsVisible = 0;
			defaultConfigurationName = Release;
		};
/* End XCConfigurationList section */
	};
	rootObject = 1FD1E3450EA522E700870DE7 /* Project object */;
}
